lockfileVersion: '9.0'

settings:
  autoInstallPeers: true
  excludeLinksFromLockfile: false

importers:

  .:
    dependencies:
      graphql:
        specifier: ^16.12.0
        version: 16.12.0
      graphql-yoga:
        specifier: ^5.16.0
        version: 5.16.0(graphql@16.12.0)
      nitro-graphql:
        specifier: link:../..
        version: link:../..
    devDependencies:
      nitro:
        specifier: npm:nitro-nightly@latest
        version: nitro-nightly@3.0.1-20251103-181403-aefcdb31(vite@7.1.12(jiti@2.6.1))
      vite:
        specifier: latest
        version: 7.1.12(jiti@2.6.1)

packages:

  '@envelop/core@5.3.2':
    resolution: {integrity: sha512-06Mu7fmyKzk09P2i2kHpGfItqLLgCq7uO5/nX4fc/iHMplWPNuAx4iYR+WXUQoFHDnP6EUbceQNQ5iyeMz9f3g==}
    engines: {node: '>=18.0.0'}

  '@envelop/instrumentation@1.0.0':
    resolution: {integrity: sha512-cxgkB66RQB95H3X27jlnxCRNTmPuSTgmBAq6/4n2Dtv4hsk4yz8FadA1ggmd0uZzvKqWD6CR+WFgTjhDqg7eyw==}
    engines: {node: '>=18.0.0'}

  '@envelop/types@5.2.1':
    resolution: {integrity: sha512-CsFmA3u3c2QoLDTfEpGr4t25fjMU31nyvse7IzWTvb0ZycuPjMjb0fjlheh+PbhBYb9YLugnT2uY6Mwcg1o+Zg==}
    engines: {node: '>=18.0.0'}

  '@esbuild/aix-ppc64@0.25.12':
    resolution: {integrity: sha512-Hhmwd6CInZ3dwpuGTF8fJG6yoWmsToE+vYgD4nytZVxcu1ulHpUQRAB1UJ8+N1Am3Mz4+xOByoQoSZf4D+CpkA==}
    engines: {node: '>=18'}
    cpu: [ppc64]
    os: [aix]

  '@esbuild/android-arm64@0.25.12':
    resolution: {integrity: sha512-6AAmLG7zwD1Z159jCKPvAxZd4y/VTO0VkprYy+3N2FtJ8+BQWFXU+OxARIwA46c5tdD9SsKGZ/1ocqBS/gAKHg==}
    engines: {node: '>=18'}
    cpu: [arm64]
    os: [android]

  '@esbuild/android-arm@0.25.12':
    resolution: {integrity: sha512-VJ+sKvNA/GE7Ccacc9Cha7bpS8nyzVv0jdVgwNDaR4gDMC/2TTRc33Ip8qrNYUcpkOHUT5OZ0bUcNNVZQ9RLlg==}
    engines: {node: '>=18'}
    cpu: [arm]
    os: [android]

  '@esbuild/android-x64@0.25.12':
    resolution: {integrity: sha512-5jbb+2hhDHx5phYR2By8GTWEzn6I9UqR11Kwf22iKbNpYrsmRB18aX/9ivc5cabcUiAT/wM+YIZ6SG9QO6a8kg==}
    engines: {node: '>=18'}
    cpu: [x64]
    os: [android]

  '@esbuild/darwin-arm64@0.25.12':
    resolution: {integrity: sha512-N3zl+lxHCifgIlcMUP5016ESkeQjLj/959RxxNYIthIg+CQHInujFuXeWbWMgnTo4cp5XVHqFPmpyu9J65C1Yg==}
    engines: {node: '>=18'}
    cpu: [arm64]
    os: [darwin]

  '@esbuild/darwin-x64@0.25.12':
    resolution: {integrity: sha512-HQ9ka4Kx21qHXwtlTUVbKJOAnmG1ipXhdWTmNXiPzPfWKpXqASVcWdnf2bnL73wgjNrFXAa3yYvBSd9pzfEIpA==}
    engines: {node: '>=18'}
    cpu: [x64]
    os: [darwin]

  '@esbuild/freebsd-arm64@0.25.12':
    resolution: {integrity: sha512-gA0Bx759+7Jve03K1S0vkOu5Lg/85dou3EseOGUes8flVOGxbhDDh/iZaoek11Y8mtyKPGF3vP8XhnkDEAmzeg==}
    engines: {node: '>=18'}
    cpu: [arm64]
    os: [freebsd]

  '@esbuild/freebsd-x64@0.25.12':
    resolution: {integrity: sha512-TGbO26Yw2xsHzxtbVFGEXBFH0FRAP7gtcPE7P5yP7wGy7cXK2oO7RyOhL5NLiqTlBh47XhmIUXuGciXEqYFfBQ==}
    engines: {node: '>=18'}
    cpu: [x64]
    os: [freebsd]

  '@esbuild/linux-arm64@0.25.12':
    resolution: {integrity: sha512-8bwX7a8FghIgrupcxb4aUmYDLp8pX06rGh5HqDT7bB+8Rdells6mHvrFHHW2JAOPZUbnjUpKTLg6ECyzvas2AQ==}
    engines: {node: '>=18'}
    cpu: [arm64]
    os: [linux]

  '@esbuild/linux-arm@0.25.12':
    resolution: {integrity: sha512-lPDGyC1JPDou8kGcywY0YILzWlhhnRjdof3UlcoqYmS9El818LLfJJc3PXXgZHrHCAKs/Z2SeZtDJr5MrkxtOw==}
    engines: {node: '>=18'}
    cpu: [arm]
    os: [linux]

  '@esbuild/linux-ia32@0.25.12':
    resolution: {integrity: sha512-0y9KrdVnbMM2/vG8KfU0byhUN+EFCny9+8g202gYqSSVMonbsCfLjUO+rCci7pM0WBEtz+oK/PIwHkzxkyharA==}
    engines: {node: '>=18'}
    cpu: [ia32]
    os: [linux]

  '@esbuild/linux-loong64@0.25.12':
    resolution: {integrity: sha512-h///Lr5a9rib/v1GGqXVGzjL4TMvVTv+s1DPoxQdz7l/AYv6LDSxdIwzxkrPW438oUXiDtwM10o9PmwS/6Z0Ng==}
    engines: {node: '>=18'}
    cpu: [loong64]
    os: [linux]

  '@esbuild/linux-mips64el@0.25.12':
    resolution: {integrity: sha512-iyRrM1Pzy9GFMDLsXn1iHUm18nhKnNMWscjmp4+hpafcZjrr2WbT//d20xaGljXDBYHqRcl8HnxbX6uaA/eGVw==}
    engines: {node: '>=18'}
    cpu: [mips64el]
    os: [linux]

  '@esbuild/linux-ppc64@0.25.12':
    resolution: {integrity: sha512-9meM/lRXxMi5PSUqEXRCtVjEZBGwB7P/D4yT8UG/mwIdze2aV4Vo6U5gD3+RsoHXKkHCfSxZKzmDssVlRj1QQA==}
    engines: {node: '>=18'}
    cpu: [ppc64]
    os: [linux]

  '@esbuild/linux-riscv64@0.25.12':
    resolution: {integrity: sha512-Zr7KR4hgKUpWAwb1f3o5ygT04MzqVrGEGXGLnj15YQDJErYu/BGg+wmFlIDOdJp0PmB0lLvxFIOXZgFRrdjR0w==}
    engines: {node: '>=18'}
    cpu: [riscv64]
    os: [linux]

  '@esbuild/linux-s390x@0.25.12':
    resolution: {integrity: sha512-MsKncOcgTNvdtiISc/jZs/Zf8d0cl/t3gYWX8J9ubBnVOwlk65UIEEvgBORTiljloIWnBzLs4qhzPkJcitIzIg==}
    engines: {node: '>=18'}
    cpu: [s390x]
    os: [linux]

  '@esbuild/linux-x64@0.25.12':
    resolution: {integrity: sha512-uqZMTLr/zR/ed4jIGnwSLkaHmPjOjJvnm6TVVitAa08SLS9Z0VM8wIRx7gWbJB5/J54YuIMInDquWyYvQLZkgw==}
    engines: {node: '>=18'}
    cpu: [x64]
    os: [linux]

  '@esbuild/netbsd-arm64@0.25.12':
    resolution: {integrity: sha512-xXwcTq4GhRM7J9A8Gv5boanHhRa/Q9KLVmcyXHCTaM4wKfIpWkdXiMog/KsnxzJ0A1+nD+zoecuzqPmCRyBGjg==}
    engines: {node: '>=18'}
    cpu: [arm64]
    os: [netbsd]

  '@esbuild/netbsd-x64@0.25.12':
    resolution: {integrity: sha512-Ld5pTlzPy3YwGec4OuHh1aCVCRvOXdH8DgRjfDy/oumVovmuSzWfnSJg+VtakB9Cm0gxNO9BzWkj6mtO1FMXkQ==}
    engines: {node: '>=18'}
    cpu: [x64]
    os: [netbsd]

  '@esbuild/openbsd-arm64@0.25.12':
    resolution: {integrity: sha512-fF96T6KsBo/pkQI950FARU9apGNTSlZGsv1jZBAlcLL1MLjLNIWPBkj5NlSz8aAzYKg+eNqknrUJ24QBybeR5A==}
    engines: {node: '>=18'}
    cpu: [arm64]
    os: [openbsd]

  '@esbuild/openbsd-x64@0.25.12':
    resolution: {integrity: sha512-MZyXUkZHjQxUvzK7rN8DJ3SRmrVrke8ZyRusHlP+kuwqTcfWLyqMOE3sScPPyeIXN/mDJIfGXvcMqCgYKekoQw==}
    engines: {node: '>=18'}
    cpu: [x64]
    os: [openbsd]

  '@esbuild/openharmony-arm64@0.25.12':
    resolution: {integrity: sha512-rm0YWsqUSRrjncSXGA7Zv78Nbnw4XL6/dzr20cyrQf7ZmRcsovpcRBdhD43Nuk3y7XIoW2OxMVvwuRvk9XdASg==}
    engines: {node: '>=18'}
    cpu: [arm64]
    os: [openharmony]

  '@esbuild/sunos-x64@0.25.12':
    resolution: {integrity: sha512-3wGSCDyuTHQUzt0nV7bocDy72r2lI33QL3gkDNGkod22EsYl04sMf0qLb8luNKTOmgF/eDEDP5BFNwoBKH441w==}
    engines: {node: '>=18'}
    cpu: [x64]
    os: [sunos]

  '@esbuild/win32-arm64@0.25.12':
    resolution: {integrity: sha512-rMmLrur64A7+DKlnSuwqUdRKyd3UE7oPJZmnljqEptesKM8wx9J8gx5u0+9Pq0fQQW8vqeKebwNXdfOyP+8Bsg==}
    engines: {node: '>=18'}
    cpu: [arm64]
    os: [win32]

  '@esbuild/win32-ia32@0.25.12':
    resolution: {integrity: sha512-HkqnmmBoCbCwxUKKNPBixiWDGCpQGVsrQfJoVGYLPT41XWF8lHuE5N6WhVia2n4o5QK5M4tYr21827fNhi4byQ==}
    engines: {node: '>=18'}
    cpu: [ia32]
    os: [win32]

  '@esbuild/win32-x64@0.25.12':
    resolution: {integrity: sha512-alJC0uCZpTFrSL0CCDjcgleBXPnCrEAhTBILpeAp7M/OFgoqtAetfBzX0xM00MUsVVPpVjlPuMbREqnZCXaTnA==}
    engines: {node: '>=18'}
    cpu: [x64]
    os: [win32]

  '@fastify/busboy@3.2.0':
    resolution: {integrity: sha512-m9FVDXU3GT2ITSe0UaMA5rU3QkfC/UXtCU8y0gSN/GugTqtVldOBWIB5V6V3sbmenVZUIpU6f+mPEO2+m5iTaA==}

  '@graphql-tools/executor@1.4.10':
    resolution: {integrity: sha512-/o7QScMdJpx/qIJlQcYs9ohB2qU2jSpuMyPStQy30kKTLHKyMETWpbljvRsuQxHJ2MJmEF3bYZgBHzdNAQHhug==}
    engines: {node: '>=16.0.0'}
    peerDependencies:
      graphql: ^14.0.0 || ^15.0.0 || ^16.0.0 || ^17.0.0

  '@graphql-tools/merge@9.1.2':
    resolution: {integrity: sha512-Ny9YhWKv+KxZFdXYt+wlyEW55GzhFiq4daV4wYgpP0aRbwQaczNJd1L3VjjBsPKjmW8lctZXUoqYTqU5QPcBGw==}
    engines: {node: '>=16.0.0'}
    peerDependencies:
      graphql: ^14.0.0 || ^15.0.0 || ^16.0.0 || ^17.0.0

  '@graphql-tools/schema@10.0.26':
    resolution: {integrity: sha512-KOmjuiWa9poP/Lza4HV0ZBPYGJI3VE3QzXA/8e0+wjcsRuEmxMLP82re1PUg0QRzp2UzifAB/gd7DoXmVGG9Fg==}
    engines: {node: '>=16.0.0'}
    peerDependencies:
      graphql: ^14.0.0 || ^15.0.0 || ^16.0.0 || ^17.0.0

  '@graphql-tools/utils@10.10.0':
    resolution: {integrity: sha512-OOeab5Y9qeKq0zfoJCSScMcDfGcIxp05+LW2xYVCS2l3su+K3lYcg5+cAAx9n0SFxpJl8zF5denq2QDsfM7NnQ==}
    engines: {node: '>=16.0.0'}
    peerDependencies:
      graphql: ^14.0.0 || ^15.0.0 || ^16.0.0 || ^17.0.0

  '@graphql-typed-document-node/core@3.2.0':
    resolution: {integrity: sha512-mB9oAsNCm9aM3/SOv4YtBMqZbYj10R7dkq8byBqxGY/ncFwhf2oQzMV+LCRlWoDSEBJ3COiR1yeDvMtsoOsuFQ==}
    peerDependencies:
      graphql: ^0.8.0 || ^0.9.0 || ^0.10.0 || ^0.11.0 || ^0.12.0 || ^0.13.0 || ^14.0.0 || ^15.0.0 || ^16.0.0 || ^17.0.0

  '@graphql-yoga/logger@2.0.1':
    resolution: {integrity: sha512-Nv0BoDGLMg9QBKy9cIswQ3/6aKaKjlTh87x3GiBg2Z4RrjyrM48DvOOK0pJh1C1At+b0mUIM67cwZcFTDLN4sA==}
    engines: {node: '>=18.0.0'}

  '@graphql-yoga/subscription@5.0.5':
    resolution: {integrity: sha512-oCMWOqFs6QV96/NZRt/ZhTQvzjkGB4YohBOpKM4jH/lDT4qb7Lex/aGCxpi/JD9njw3zBBtMqxbaC22+tFHVvw==}
    engines: {node: '>=18.0.0'}

  '@graphql-yoga/typed-event-target@3.0.2':
    resolution: {integrity: sha512-ZpJxMqB+Qfe3rp6uszCQoag4nSw42icURnBRfFYSOmTgEeOe4rD0vYlbA8spvCu2TlCesNTlEN9BLWtQqLxabA==}
    engines: {node: '>=18.0.0'}

  '@repeaterjs/repeater@3.0.6':
    resolution: {integrity: sha512-Javneu5lsuhwNCryN+pXH93VPQ8g0dBX7wItHFgYiwQmzE1sVdg5tWHiOgHywzL2W21XQopa7IwIEnNbmeUJYA==}

  '@rollup/rollup-android-arm-eabi@4.52.5':
    resolution: {integrity: sha512-8c1vW4ocv3UOMp9K+gToY5zL2XiiVw3k7f1ksf4yO1FlDFQ1C2u72iACFnSOceJFsWskc2WZNqeRhFRPzv+wtQ==}
    cpu: [arm]
    os: [android]

  '@rollup/rollup-android-arm64@4.52.5':
    resolution: {integrity: sha512-mQGfsIEFcu21mvqkEKKu2dYmtuSZOBMmAl5CFlPGLY94Vlcm+zWApK7F/eocsNzp8tKmbeBP8yXyAbx0XHsFNA==}
    cpu: [arm64]
    os: [android]

  '@rollup/rollup-darwin-arm64@4.52.5':
    resolution: {integrity: sha512-takF3CR71mCAGA+v794QUZ0b6ZSrgJkArC+gUiG6LB6TQty9T0Mqh3m2ImRBOxS2IeYBo4lKWIieSvnEk2OQWA==}
    cpu: [arm64]
    os: [darwin]

  '@rollup/rollup-darwin-x64@4.52.5':
    resolution: {integrity: sha512-W901Pla8Ya95WpxDn//VF9K9u2JbocwV/v75TE0YIHNTbhqUTv9w4VuQ9MaWlNOkkEfFwkdNhXgcLqPSmHy0fA==}
    cpu: [x64]
    os: [darwin]

  '@rollup/rollup-freebsd-arm64@4.52.5':
    resolution: {integrity: sha512-QofO7i7JycsYOWxe0GFqhLmF6l1TqBswJMvICnRUjqCx8b47MTo46W8AoeQwiokAx3zVryVnxtBMcGcnX12LvA==}
    cpu: [arm64]
    os: [freebsd]

  '@rollup/rollup-freebsd-x64@4.52.5':
    resolution: {integrity: sha512-jr21b/99ew8ujZubPo9skbrItHEIE50WdV86cdSoRkKtmWa+DDr6fu2c/xyRT0F/WazZpam6kk7IHBerSL7LDQ==}
    cpu: [x64]
    os: [freebsd]

  '@rollup/rollup-linux-arm-gnueabihf@4.52.5':
    resolution: {integrity: sha512-PsNAbcyv9CcecAUagQefwX8fQn9LQ4nZkpDboBOttmyffnInRy8R8dSg6hxxl2Re5QhHBf6FYIDhIj5v982ATQ==}
    cpu: [arm]
    os: [linux]

  '@rollup/rollup-linux-arm-musleabihf@4.52.5':
    resolution: {integrity: sha512-Fw4tysRutyQc/wwkmcyoqFtJhh0u31K+Q6jYjeicsGJJ7bbEq8LwPWV/w0cnzOqR2m694/Af6hpFayLJZkG2VQ==}
    cpu: [arm]
    os: [linux]

  '@rollup/rollup-linux-arm64-gnu@4.52.5':
    resolution: {integrity: sha512-a+3wVnAYdQClOTlyapKmyI6BLPAFYs0JM8HRpgYZQO02rMR09ZcV9LbQB+NL6sljzG38869YqThrRnfPMCDtZg==}
    cpu: [arm64]
    os: [linux]

  '@rollup/rollup-linux-arm64-musl@4.52.5':
    resolution: {integrity: sha512-AvttBOMwO9Pcuuf7m9PkC1PUIKsfaAJ4AYhy944qeTJgQOqJYJ9oVl2nYgY7Rk0mkbsuOpCAYSs6wLYB2Xiw0Q==}
    cpu: [arm64]
    os: [linux]

  '@rollup/rollup-linux-loong64-gnu@4.52.5':
    resolution: {integrity: sha512-DkDk8pmXQV2wVrF6oq5tONK6UHLz/XcEVow4JTTerdeV1uqPeHxwcg7aFsfnSm9L+OO8WJsWotKM2JJPMWrQtA==}
    cpu: [loong64]
    os: [linux]

  '@rollup/rollup-linux-ppc64-gnu@4.52.5':
    resolution: {integrity: sha512-W/b9ZN/U9+hPQVvlGwjzi+Wy4xdoH2I8EjaCkMvzpI7wJUs8sWJ03Rq96jRnHkSrcHTpQe8h5Tg3ZzUPGauvAw==}
    cpu: [ppc64]
    os: [linux]

  '@rollup/rollup-linux-riscv64-gnu@4.52.5':
    resolution: {integrity: sha512-sjQLr9BW7R/ZiXnQiWPkErNfLMkkWIoCz7YMn27HldKsADEKa5WYdobaa1hmN6slu9oWQbB6/jFpJ+P2IkVrmw==}
    cpu: [riscv64]
    os: [linux]

  '@rollup/rollup-linux-riscv64-musl@4.52.5':
    resolution: {integrity: sha512-hq3jU/kGyjXWTvAh2awn8oHroCbrPm8JqM7RUpKjalIRWWXE01CQOf/tUNWNHjmbMHg/hmNCwc/Pz3k1T/j/Lg==}
    cpu: [riscv64]
    os: [linux]

  '@rollup/rollup-linux-s390x-gnu@4.52.5':
    resolution: {integrity: sha512-gn8kHOrku8D4NGHMK1Y7NA7INQTRdVOntt1OCYypZPRt6skGbddska44K8iocdpxHTMMNui5oH4elPH4QOLrFQ==}
    cpu: [s390x]
    os: [linux]

  '@rollup/rollup-linux-x64-gnu@4.52.5':
    resolution: {integrity: sha512-hXGLYpdhiNElzN770+H2nlx+jRog8TyynpTVzdlc6bndktjKWyZyiCsuDAlpd+j+W+WNqfcyAWz9HxxIGfZm1Q==}
    cpu: [x64]
    os: [linux]

  '@rollup/rollup-linux-x64-musl@4.52.5':
    resolution: {integrity: sha512-arCGIcuNKjBoKAXD+y7XomR9gY6Mw7HnFBv5Rw7wQRvwYLR7gBAgV7Mb2QTyjXfTveBNFAtPt46/36vV9STLNg==}
    cpu: [x64]
    os: [linux]

  '@rollup/rollup-openharmony-arm64@4.52.5':
    resolution: {integrity: sha512-QoFqB6+/9Rly/RiPjaomPLmR/13cgkIGfA40LHly9zcH1S0bN2HVFYk3a1eAyHQyjs3ZJYlXvIGtcCs5tko9Cw==}
    cpu: [arm64]
    os: [openharmony]

  '@rollup/rollup-win32-arm64-msvc@4.52.5':
    resolution: {integrity: sha512-w0cDWVR6MlTstla1cIfOGyl8+qb93FlAVutcor14Gf5Md5ap5ySfQ7R9S/NjNaMLSFdUnKGEasmVnu3lCMqB7w==}
    cpu: [arm64]
    os: [win32]

  '@rollup/rollup-win32-ia32-msvc@4.52.5':
    resolution: {integrity: sha512-Aufdpzp7DpOTULJCuvzqcItSGDH73pF3ko/f+ckJhxQyHtp67rHw3HMNxoIdDMUITJESNE6a8uh4Lo4SLouOUg==}
    cpu: [ia32]
    os: [win32]

  '@rollup/rollup-win32-x64-gnu@4.52.5':
    resolution: {integrity: sha512-UGBUGPFp1vkj6p8wCRraqNhqwX/4kNQPS57BCFc8wYh0g94iVIW33wJtQAx3G7vrjjNtRaxiMUylM0ktp/TRSQ==}
    cpu: [x64]
    os: [win32]

  '@rollup/rollup-win32-x64-msvc@4.52.5':
    resolution: {integrity: sha512-TAcgQh2sSkykPRWLrdyy2AiceMckNf5loITqXxFI5VuQjS5tSuw3WlwdN8qv8vzjLAUTvYaH/mVjSFpbkFbpTg==}
    cpu: [x64]
    os: [win32]

  '@types/estree@1.0.8':
    resolution: {integrity: sha512-dWHzHa2WqEXI/O1E9OjrocMTKJl2mSrEolh1Iomrv6U+JuNwaHXsXx9bLu5gG7BUWFIN0skIQJQ/L1rIex4X6w==}

  '@whatwg-node/disposablestack@0.0.6':
    resolution: {integrity: sha512-LOtTn+JgJvX8WfBVJtF08TGrdjuFzGJc4mkP8EdDI8ADbvO7kiexYep1o8dwnt0okb0jYclCDXF13xU7Ge4zSw==}
    engines: {node: '>=18.0.0'}

  '@whatwg-node/events@0.1.2':
    resolution: {integrity: sha512-ApcWxkrs1WmEMS2CaLLFUEem/49erT3sxIVjpzU5f6zmVcnijtDSrhoK2zVobOIikZJdH63jdAXOrvjf6eOUNQ==}
    engines: {node: '>=18.0.0'}

  '@whatwg-node/fetch@0.10.11':
    resolution: {integrity: sha512-eR8SYtf9Nem1Tnl0IWrY33qJ5wCtIWlt3Fs3c6V4aAaTFLtkEQErXu3SSZg/XCHrj9hXSJ8/8t+CdMk5Qec/ZA==}
    engines: {node: '>=18.0.0'}

  '@whatwg-node/node-fetch@0.8.1':
    resolution: {integrity: sha512-cQmQEo7IsI0EPX9VrwygXVzrVlX43Jb7/DBZSmpnC7xH4xkyOnn/HykHpTaQk7TUs7zh59A5uTGqx3p2Ouzffw==}
    engines: {node: '>=18.0.0'}

  '@whatwg-node/promise-helpers@1.3.2':
    resolution: {integrity: sha512-Nst5JdK47VIl9UcGwtv2Rcgyn5lWtZ0/mhRQ4G8NN2isxpq2TO30iqHzmwoJycjWuyUfg3GFXqP/gFHXeV57IA==}
    engines: {node: '>=16.0.0'}

  '@whatwg-node/server@0.10.13':
    resolution: {integrity: sha512-Otmxo+0mp8az3B48pLI1I4msNOXPIoP7TLm6h5wOEQmynqHt8oP9nR6NJUeJk6iI5OtFpQtkbJFwfGkmplvc3Q==}
    engines: {node: '>=18.0.0'}

  consola@3.4.2:
    resolution: {integrity: sha512-5IKcdX0nnYavi6G7TtOhwkYzyjfJlatbjMjuLSfE2kYT5pMDOilZ4OvMhi637CcDICTmz3wARPoyhqyX1Y+XvA==}
    engines: {node: ^14.18.0 || >=16.10.0}

  cross-inspect@1.0.1:
    resolution: {integrity: sha512-Pcw1JTvZLSJH83iiGWt6fRcT+BjZlCDRVwYLbUcHzv/CRpB7r0MlSrGbIyQvVSNyGnbt7G4AXuyCiDR3POvZ1A==}
    engines: {node: '>=16.0.0'}

  crossws@0.4.1:
    resolution: {integrity: sha512-E7WKBcHVhAVrY6JYD5kteNqVq1GSZxqGrdSiwXR9at+XHi43HJoCQKXcCczR5LBnBquFZPsB3o7HklulKoBU5w==}
    peerDependencies:
      srvx: '>=0.7.1'
    peerDependenciesMeta:
      srvx:
        optional: true

  db0@0.3.4:
    resolution: {integrity: sha512-RiXXi4WaNzPTHEOu8UPQKMooIbqOEyqA1t7Z6MsdxSCeb8iUC9ko3LcmsLmeUt2SM5bctfArZKkRQggKZz7JNw==}
    peerDependencies:
      '@electric-sql/pglite': '*'
      '@libsql/client': '*'
      better-sqlite3: '*'
      drizzle-orm: '*'
      mysql2: '*'
      sqlite3: '*'
    peerDependenciesMeta:
      '@electric-sql/pglite':
        optional: true
      '@libsql/client':
        optional: true
      better-sqlite3:
        optional: true
      drizzle-orm:
        optional: true
      mysql2:
        optional: true
      sqlite3:
        optional: true

  dset@3.1.4:
    resolution: {integrity: sha512-2QF/g9/zTaPDc3BjNcVTGoBbXBgYfMTTceLaYcFJ/W9kggFUkhxD/hMEeuLKbugyef9SqAx8cpgwlIP/jinUTA==}
    engines: {node: '>=4'}

  esbuild@0.25.12:
    resolution: {integrity: sha512-bbPBYYrtZbkt6Os6FiTLCTFxvq4tt3JKall1vRwshA3fdVztsLAatFaZobhkBC8/BrPetoa0oksYoKXoG4ryJg==}
    engines: {node: '>=18'}
    hasBin: true

  fdir@6.5.0:
    resolution: {integrity: sha512-tIbYtZbucOs0BRGqPJkshJUYdL+SDH7dVM8gjy+ERp3WAUjLEFJE+02kanyHtwjWOnwrKYBiwAmM0p4kLJAnXg==}
    engines: {node: '>=12.0.0'}
    peerDependencies:
      picomatch: ^3 || ^4
    peerDependenciesMeta:
      picomatch:
        optional: true

  fsevents@2.3.3:
    resolution: {integrity: sha512-5xoDfX+fL7faATnagmWPpbFtwh/R77WmMMqqHGS65C3vvB0YHrgF+B1YmZ3441tMj5n63k0212XNoJwzlhffQw==}
    engines: {node: ^8.16.0 || ^10.6.0 || >=11.0.0}
    os: [darwin]

  graphql-yoga@5.16.0:
    resolution: {integrity: sha512-/R2dJea7WgvNlXRU4F8iFwWd95Qn1mN+R+yC8XBs1wKjUzr0Pvv8cGYtt6UUcVHw5CiDEtu7iQY5oOe3sDAWCQ==}
    engines: {node: '>=18.0.0'}
    peerDependencies:
      graphql: ^15.2.0 || ^16.0.0

  graphql@16.12.0:
    resolution: {integrity: sha512-DKKrynuQRne0PNpEbzuEdHlYOMksHSUI8Zc9Unei5gTsMNA2/vMpoMz/yKba50pejK56qj98qM0SjYxAKi13gQ==}
    engines: {node: ^12.22.0 || ^14.16.0 || ^16.0.0 || >=17.0.0}

  h3@2.0.1-rc.5:
    resolution: {integrity: sha512-qkohAzCab0nLzXNm78tBjZDvtKMTmtygS8BJLT3VPczAQofdqlFXDPkXdLMJN4r05+xqneG8snZJ0HgkERCZTg==}
    engines: {node: '>=20.11.1'}
    peerDependencies:
      crossws: ^0.4.1
    peerDependenciesMeta:
      crossws:
        optional: true

  jiti@2.6.1:
    resolution: {integrity: sha512-ekilCSN1jwRvIbgeg/57YFh8qQDNbwDb9xT/qu2DAHbFFZUicIl4ygVaAvzveMhMVr3LnpSKTNnwt8PoOfmKhQ==}
    hasBin: true

  lru-cache@10.4.3:
    resolution: {integrity: sha512-JNAzZcXrCt42VGLuYz0zfAzDfAvJWW6AfYlDBQyDV5DClI2m5sAmK+OIO7s59XfsRsWHp02jAJrRadPRGTt6SQ==}

  nanoid@3.3.11:
    resolution: {integrity: sha512-N8SpfPUnUp1bK+PMYW8qSWdl9U+wwNWI4QKxOYDy9JAro3WMX7p2OeVRF9v+347pnakNevPmiHhNmZ2HbFA76w==}
    engines: {node: ^10 || ^12 || ^13.7 || ^14 || >=15.0.1}
    hasBin: true

  nf3@0.1.5:
    resolution: {integrity: sha512-kb6KFkGzOx1ux95s8kSJF17D/j2hgkWn7/gW6qgLYEZYY6a3eJH463zqb/H/gZLNgQAdGd7FpLkdfbSrXncqhw==}

  nitro-nightly@3.0.1-20251103-181403-aefcdb31:
    resolution: {integrity: sha512-7TxiblZAgvNpx4o3w/7FaQI1c46OJPPgADEKq8+LHzJJ+T0LXWu3dME9YY5yuo4GryINKX8lpNMMKFOEvN3n5Q==}
    engines: {node: ^20.19.0 || >=22.12.0}
    hasBin: true
    peerDependencies:
      rolldown: '*'
      vite: ^7
      xml2js: ^0.6.2
    peerDependenciesMeta:
      rolldown:
        optional: true
      vite:
        optional: true
      xml2js:
        optional: true

  ofetch@2.0.0-alpha.3:
    resolution: {integrity: sha512-zpYTCs2byOuft65vI3z43Dd6iSdFbOZZLb9/d21aCpx2rGastVU9dOCv0lu4ykc1Ur1anAYjDi3SUvR0vq50JA==}

  ohash@2.0.11:
    resolution: {integrity: sha512-RdR9FQrFwNBNXAr4GixM8YaRZRJ5PUWbKYbE5eOsrwAjJW0q2REGcf79oYPsLyskQCZG1PLN+S/K1V00joZAoQ==}

  pathe@2.0.3:
    resolution: {integrity: sha512-WUjGcAqP1gQacoQe+OBJsFA7Ld4DyXuUIjZ5cc75cLHvJ7dtNsTugphxIADwspS+AraAUePCKrSVtPLFj/F88w==}

  picocolors@1.1.1:
    resolution: {integrity: sha512-xceH2snhtb5M9liqDsmEw56le376mTZkEX/jEb/RxNFyegNul7eNslCXP9FDj/Lcu0X8KEyMceP2ntpaHrDEVA==}

  picomatch@4.0.3:
    resolution: {integrity: sha512-5gTmgEY/sqK6gFXLIsQNH19lWb4ebPDLA4SdLP7dsWkIXHWlG66oPuVvXSGFPppYZz8ZDZq0dYYrbHfBCVUb1Q==}
    engines: {node: '>=12'}

  postcss@8.5.6:
    resolution: {integrity: sha512-3Ybi1tAuwAP9s0r1UQ2J4n5Y0G05bJkpUIO0/bI9MhwmD70S5aTWbXGBwxHrelT+XM1k6dM0pk+SwNkpTRN7Pg==}
    engines: {node: ^10 || ^12 || >=14}

  rollup@4.52.5:
    resolution: {integrity: sha512-3GuObel8h7Kqdjt0gxkEzaifHTqLVW56Y/bjN7PSQtkKr0w3V/QYSdt6QWYtd7A1xUtYQigtdUfgj1RvWVtorw==}
    engines: {node: '>=18.0.0', npm: '>=8.0.0'}
    hasBin: true

  rou3@0.7.10:
    resolution: {integrity: sha512-aoFj6f7MJZ5muJ+Of79nrhs9N3oLGqi2VEMe94Zbkjb6Wupha46EuoYgpWSOZlXww3bbd8ojgXTAA2mzimX5Ww==}

  source-map-js@1.2.1:
    resolution: {integrity: sha512-UXWMKhLOwVKb728IUtQPXxfYU+usdybtUrK/8uGE8CQMvrhOpwvzDBwj0QhSL7MQc7vIsISBG8VQ8+IDQxpfQA==}
    engines: {node: '>=0.10.0'}

  srvx@0.9.4:
    resolution: {integrity: sha512-yACjRbHWbI3ehhPCrEKBZvAooe/xgJIdA7QRYiYFI1VtsiGyDpSQS5r9Q6ZgTa+R0umaoJhs2umKuGlL3/nDbQ==}
    engines: {node: '>=20.16.0'}
    hasBin: true

  tinyglobby@0.2.15:
    resolution: {integrity: sha512-j2Zq4NyQYG5XMST4cbs02Ak8iJUdxRM0XI5QyxXuZOzKOINmWurp3smXu3y5wDcJrptwpSjgXHzIQxR0omXljQ==}
    engines: {node: '>=12.0.0'}

  tslib@2.8.1:
    resolution: {integrity: sha512-oJFu94HQb+KVduSUQL7wnpmqnfmLsOA/nAh6b6EH0wCEoK0/mPeXU6c3wKDV83MkOuHPRHtSXKKU99IBazS/2w==}

  undici@7.16.0:
    resolution: {integrity: sha512-QEg3HPMll0o3t2ourKwOeUAZ159Kn9mx5pnzHRQO8+Wixmh88YdZRiIwat0iNzNNXn0yoEtXJqFpyW7eM8BV7g==}
    engines: {node: '>=20.18.1'}

  unenv@2.0.0-rc.24:
    resolution: {integrity: sha512-i7qRCmY42zmCwnYlh9H2SvLEypEFGye5iRmEMKjcGi7zk9UquigRjFtTLz0TYqr0ZGLZhaMHl/foy1bZR+Cwlw==}

  unstorage@2.0.0-alpha.4:
    resolution: {integrity: sha512-ywXZMZRfrvmO1giJeMTCw6VUn0ALYxVl8pFqJPStiyQUvgJImejtAHrKvXPj4QGJAoS/iLGcVGF6ljN/lkh1bw==}
    peerDependencies:
      '@azure/app-configuration': ^1.8.0
      '@azure/cosmos': ^4.2.0
      '@azure/data-tables': ^13.3.0
      '@azure/identity': ^4.6.0
      '@azure/keyvault-secrets': ^4.9.0
      '@azure/storage-blob': ^12.26.0
      '@capacitor/preferences': ^6.0.3 || ^7.0.0
      '@deno/kv': '>=0.9.0'
      '@netlify/blobs': ^6.5.0 || ^7.0.0 || ^8.1.0 || ^9.0.0 || ^10.0.0
      '@planetscale/database': ^1.19.0
      '@upstash/redis': ^1.34.3
      '@vercel/blob': '>=0.27.1'
      '@vercel/functions': ^2.2.12 || ^3.0.0
      '@vercel/kv': ^1.0.1
      aws4fetch: ^1.0.20
      chokidar: ^4.0.3
      db0: '>=0.2.1'
      idb-keyval: ^6.2.1
      ioredis: ^5.4.2
      lru-cache: ^11.2.2
      mongodb: ^6.20.0
      ofetch: '*'
      uploadthing: ^7.4.4
    peerDependenciesMeta:
      '@azure/app-configuration':
        optional: true
      '@azure/cosmos':
        optional: true
      '@azure/data-tables':
        optional: true
      '@azure/identity':
        optional: true
      '@azure/keyvault-secrets':
        optional: true
      '@azure/storage-blob':
        optional: true
      '@capacitor/preferences':
        optional: true
      '@deno/kv':
        optional: true
      '@netlify/blobs':
        optional: true
      '@planetscale/database':
        optional: true
      '@upstash/redis':
        optional: true
      '@vercel/blob':
        optional: true
      '@vercel/functions':
        optional: true
      '@vercel/kv':
        optional: true
      aws4fetch:
        optional: true
      chokidar:
        optional: true
      db0:
        optional: true
      idb-keyval:
        optional: true
      ioredis:
        optional: true
      lru-cache:
        optional: true
      mongodb:
        optional: true
      ofetch:
        optional: true
      uploadthing:
        optional: true

  urlpattern-polyfill@10.1.0:
    resolution: {integrity: sha512-IGjKp/o0NL3Bso1PymYURCJxMPNAf/ILOpendP9f5B6e1rTJgdgiOvgfoT8VxCAdY+Wisb9uhGaJJf3yZ2V9nw==}

  vite@7.1.12:
    resolution: {integrity: sha512-ZWyE8YXEXqJrrSLvYgrRP7p62OziLW7xI5HYGWFzOvupfAlrLvURSzv/FyGyy0eidogEM3ujU+kUG1zuHgb6Ug==}
    engines: {node: ^20.19.0 || >=22.12.0}
    hasBin: true
    peerDependencies:
      '@types/node': ^20.19.0 || >=22.12.0
      jiti: '>=1.21.0'
      less: ^4.0.0
      lightningcss: ^1.21.0
      sass: ^1.70.0
      sass-embedded: ^1.70.0
      stylus: '>=0.54.8'
      sugarss: ^5.0.0
      terser: ^5.16.0
      tsx: ^4.8.1
      yaml: ^2.4.2
    peerDependenciesMeta:
      '@types/node':
        optional: true
      jiti:
        optional: true
      less:
        optional: true
      lightningcss:
        optional: true
      sass:
        optional: true
      sass-embedded:
        optional: true
      stylus:
        optional: true
      sugarss:
        optional: true
      terser:
        optional: true
      tsx:
        optional: true
      yaml:
        optional: true

snapshots:

  '@envelop/core@5.3.2':
    dependencies:
      '@envelop/instrumentation': 1.0.0
      '@envelop/types': 5.2.1
      '@whatwg-node/promise-helpers': 1.3.2
      tslib: 2.8.1

  '@envelop/instrumentation@1.0.0':
    dependencies:
      '@whatwg-node/promise-helpers': 1.3.2
      tslib: 2.8.1

  '@envelop/types@5.2.1':
    dependencies:
      '@whatwg-node/promise-helpers': 1.3.2
      tslib: 2.8.1

  '@esbuild/aix-ppc64@0.25.12':
    optional: true

  '@esbuild/android-arm64@0.25.12':
    optional: true

  '@esbuild/android-arm@0.25.12':
    optional: true

  '@esbuild/android-x64@0.25.12':
    optional: true

  '@esbuild/darwin-arm64@0.25.12':
    optional: true

  '@esbuild/darwin-x64@0.25.12':
    optional: true

  '@esbuild/freebsd-arm64@0.25.12':
    optional: true

  '@esbuild/freebsd-x64@0.25.12':
    optional: true

  '@esbuild/linux-arm64@0.25.12':
    optional: true

  '@esbuild/linux-arm@0.25.12':
    optional: true

  '@esbuild/linux-ia32@0.25.12':
    optional: true

  '@esbuild/linux-loong64@0.25.12':
    optional: true

  '@esbuild/linux-mips64el@0.25.12':
    optional: true

  '@esbuild/linux-ppc64@0.25.12':
    optional: true

  '@esbuild/linux-riscv64@0.25.12':
    optional: true

  '@esbuild/linux-s390x@0.25.12':
    optional: true

  '@esbuild/linux-x64@0.25.12':
    optional: true

  '@esbuild/netbsd-arm64@0.25.12':
    optional: true

  '@esbuild/netbsd-x64@0.25.12':
    optional: true

  '@esbuild/openbsd-arm64@0.25.12':
    optional: true

  '@esbuild/openbsd-x64@0.25.12':
    optional: true

  '@esbuild/openharmony-arm64@0.25.12':
    optional: true

  '@esbuild/sunos-x64@0.25.12':
    optional: true

  '@esbuild/win32-arm64@0.25.12':
    optional: true

  '@esbuild/win32-ia32@0.25.12':
    optional: true

  '@esbuild/win32-x64@0.25.12':
    optional: true

  '@fastify/busboy@3.2.0': {}

  '@graphql-tools/executor@1.4.10(graphql@16.12.0)':
    dependencies:
      '@graphql-tools/utils': 10.10.0(graphql@16.12.0)
      '@graphql-typed-document-node/core': 3.2.0(graphql@16.12.0)
      '@repeaterjs/repeater': 3.0.6
      '@whatwg-node/disposablestack': 0.0.6
      '@whatwg-node/promise-helpers': 1.3.2
      graphql: 16.12.0
      tslib: 2.8.1

  '@graphql-tools/merge@9.1.2(graphql@16.12.0)':
    dependencies:
      '@graphql-tools/utils': 10.10.0(graphql@16.12.0)
      graphql: 16.12.0
      tslib: 2.8.1

  '@graphql-tools/schema@10.0.26(graphql@16.12.0)':
    dependencies:
      '@graphql-tools/merge': 9.1.2(graphql@16.12.0)
      '@graphql-tools/utils': 10.10.0(graphql@16.12.0)
      graphql: 16.12.0
      tslib: 2.8.1

  '@graphql-tools/utils@10.10.0(graphql@16.12.0)':
    dependencies:
      '@graphql-typed-document-node/core': 3.2.0(graphql@16.12.0)
      '@whatwg-node/promise-helpers': 1.3.2
      cross-inspect: 1.0.1
      dset: 3.1.4
      graphql: 16.12.0
      tslib: 2.8.1

  '@graphql-typed-document-node/core@3.2.0(graphql@16.12.0)':
    dependencies:
      graphql: 16.12.0

  '@graphql-yoga/logger@2.0.1':
    dependencies:
      tslib: 2.8.1

  '@graphql-yoga/subscription@5.0.5':
    dependencies:
      '@graphql-yoga/typed-event-target': 3.0.2
      '@repeaterjs/repeater': 3.0.6
      '@whatwg-node/events': 0.1.2
      tslib: 2.8.1

  '@graphql-yoga/typed-event-target@3.0.2':
    dependencies:
      '@repeaterjs/repeater': 3.0.6
      tslib: 2.8.1

  '@repeaterjs/repeater@3.0.6': {}

  '@rollup/rollup-android-arm-eabi@4.52.5':
    optional: true

  '@rollup/rollup-android-arm64@4.52.5':
    optional: true

  '@rollup/rollup-darwin-arm64@4.52.5':
    optional: true

  '@rollup/rollup-darwin-x64@4.52.5':
    optional: true

  '@rollup/rollup-freebsd-arm64@4.52.5':
    optional: true

  '@rollup/rollup-freebsd-x64@4.52.5':
    optional: true

  '@rollup/rollup-linux-arm-gnueabihf@4.52.5':
    optional: true

  '@rollup/rollup-linux-arm-musleabihf@4.52.5':
    optional: true

  '@rollup/rollup-linux-arm64-gnu@4.52.5':
    optional: true

  '@rollup/rollup-linux-arm64-musl@4.52.5':
    optional: true

  '@rollup/rollup-linux-loong64-gnu@4.52.5':
    optional: true

  '@rollup/rollup-linux-ppc64-gnu@4.52.5':
    optional: true

  '@rollup/rollup-linux-riscv64-gnu@4.52.5':
    optional: true

  '@rollup/rollup-linux-riscv64-musl@4.52.5':
    optional: true

  '@rollup/rollup-linux-s390x-gnu@4.52.5':
    optional: true

  '@rollup/rollup-linux-x64-gnu@4.52.5':
    optional: true

  '@rollup/rollup-linux-x64-musl@4.52.5':
    optional: true

  '@rollup/rollup-openharmony-arm64@4.52.5':
    optional: true

  '@rollup/rollup-win32-arm64-msvc@4.52.5':
    optional: true

  '@rollup/rollup-win32-ia32-msvc@4.52.5':
    optional: true

  '@rollup/rollup-win32-x64-gnu@4.52.5':
    optional: true

  '@rollup/rollup-win32-x64-msvc@4.52.5':
    optional: true

  '@types/estree@1.0.8': {}

  '@whatwg-node/disposablestack@0.0.6':
    dependencies:
      '@whatwg-node/promise-helpers': 1.3.2
      tslib: 2.8.1

  '@whatwg-node/events@0.1.2':
    dependencies:
      tslib: 2.8.1

  '@whatwg-node/fetch@0.10.11':
    dependencies:
      '@whatwg-node/node-fetch': 0.8.1
      urlpattern-polyfill: 10.1.0

  '@whatwg-node/node-fetch@0.8.1':
    dependencies:
      '@fastify/busboy': 3.2.0
      '@whatwg-node/disposablestack': 0.0.6
      '@whatwg-node/promise-helpers': 1.3.2
      tslib: 2.8.1

  '@whatwg-node/promise-helpers@1.3.2':
    dependencies:
      tslib: 2.8.1

  '@whatwg-node/server@0.10.13':
    dependencies:
      '@envelop/instrumentation': 1.0.0
      '@whatwg-node/disposablestack': 0.0.6
      '@whatwg-node/fetch': 0.10.11
      '@whatwg-node/promise-helpers': 1.3.2
      tslib: 2.8.1

  consola@3.4.2: {}

  cross-inspect@1.0.1:
    dependencies:
      tslib: 2.8.1

  crossws@0.4.1(srvx@0.9.4):
    optionalDependencies:
      srvx: 0.9.4

  db0@0.3.4: {}

  dset@3.1.4: {}

  esbuild@0.25.12:
    optionalDependencies:
      '@esbuild/aix-ppc64': 0.25.12
      '@esbuild/android-arm': 0.25.12
      '@esbuild/android-arm64': 0.25.12
      '@esbuild/android-x64': 0.25.12
      '@esbuild/darwin-arm64': 0.25.12
      '@esbuild/darwin-x64': 0.25.12
      '@esbuild/freebsd-arm64': 0.25.12
      '@esbuild/freebsd-x64': 0.25.12
      '@esbuild/linux-arm': 0.25.12
      '@esbuild/linux-arm64': 0.25.12
      '@esbuild/linux-ia32': 0.25.12
      '@esbuild/linux-loong64': 0.25.12
      '@esbuild/linux-mips64el': 0.25.12
      '@esbuild/linux-ppc64': 0.25.12
      '@esbuild/linux-riscv64': 0.25.12
      '@esbuild/linux-s390x': 0.25.12
      '@esbuild/linux-x64': 0.25.12
      '@esbuild/netbsd-arm64': 0.25.12
      '@esbuild/netbsd-x64': 0.25.12
      '@esbuild/openbsd-arm64': 0.25.12
      '@esbuild/openbsd-x64': 0.25.12
      '@esbuild/openharmony-arm64': 0.25.12
      '@esbuild/sunos-x64': 0.25.12
      '@esbuild/win32-arm64': 0.25.12
      '@esbuild/win32-ia32': 0.25.12
      '@esbuild/win32-x64': 0.25.12

  fdir@6.5.0(picomatch@4.0.3):
    optionalDependencies:
      picomatch: 4.0.3

  fsevents@2.3.3:
    optional: true

  graphql-yoga@5.16.0(graphql@16.12.0):
    dependencies:
      '@envelop/core': 5.3.2
      '@envelop/instrumentation': 1.0.0
      '@graphql-tools/executor': 1.4.10(graphql@16.12.0)
      '@graphql-tools/schema': 10.0.26(graphql@16.12.0)
      '@graphql-tools/utils': 10.10.0(graphql@16.12.0)
      '@graphql-yoga/logger': 2.0.1
      '@graphql-yoga/subscription': 5.0.5
      '@whatwg-node/fetch': 0.10.11
      '@whatwg-node/promise-helpers': 1.3.2
      '@whatwg-node/server': 0.10.13
      dset: 3.1.4
      graphql: 16.12.0
      lru-cache: 10.4.3
      tslib: 2.8.1

  graphql@16.12.0: {}

  h3@2.0.1-rc.5(crossws@0.4.1(srvx@0.9.4)):
    dependencies:
      rou3: 0.7.10
      srvx: 0.9.4
    optionalDependencies:
      crossws: 0.4.1(srvx@0.9.4)

  jiti@2.6.1: {}

  lru-cache@10.4.3: {}

  nanoid@3.3.11: {}

  nf3@0.1.5: {}

  nitro-nightly@3.0.1-20251103-181403-aefcdb31(vite@7.1.12(jiti@2.6.1)):
    dependencies:
      consola: 3.4.2
      crossws: 0.4.1(srvx@0.9.4)
      db0: 0.3.4
      esbuild: 0.25.12
      h3: 2.0.1-rc.5(crossws@0.4.1(srvx@0.9.4))
      jiti: 2.6.1
      nf3: 0.1.5
      ofetch: 2.0.0-alpha.3
      ohash: 2.0.11
      rollup: 4.52.5
      srvx: 0.9.4
      undici: 7.16.0
      unenv: 2.0.0-rc.24
      unstorage: 2.0.0-alpha.4(db0@0.3.4)(ofetch@2.0.0-alpha.3)
    optionalDependencies:
      vite: 7.1.12(jiti@2.6.1)
    transitivePeerDependencies:
      - '@azure/app-configuration'
      - '@azure/cosmos'
      - '@azure/data-tables'
      - '@azure/identity'
      - '@azure/keyvault-secrets'
      - '@azure/storage-blob'
      - '@capacitor/preferences'
      - '@deno/kv'
      - '@electric-sql/pglite'
      - '@libsql/client'
      - '@netlify/blobs'
      - '@planetscale/database'
      - '@upstash/redis'
      - '@vercel/blob'
      - '@vercel/functions'
      - '@vercel/kv'
      - aws4fetch
      - better-sqlite3
      - chokidar
      - drizzle-orm
      - idb-keyval
      - ioredis
      - lru-cache
      - mongodb
      - mysql2
      - sqlite3
      - uploadthing

  ofetch@2.0.0-alpha.3: {}

  ohash@2.0.11: {}

  pathe@2.0.3: {}

  picocolors@1.1.1: {}

  picomatch@4.0.3: {}

  postcss@8.5.6:
    dependencies:
      nanoid: 3.3.11
      picocolors: 1.1.1
      source-map-js: 1.2.1

  rollup@4.52.5:
    dependencies:
      '@types/estree': 1.0.8
    optionalDependencies:
      '@rollup/rollup-android-arm-eabi': 4.52.5
      '@rollup/rollup-android-arm64': 4.52.5
      '@rollup/rollup-darwin-arm64': 4.52.5
      '@rollup/rollup-darwin-x64': 4.52.5
      '@rollup/rollup-freebsd-arm64': 4.52.5
      '@rollup/rollup-freebsd-x64': 4.52.5
      '@rollup/rollup-linux-arm-gnueabihf': 4.52.5
      '@rollup/rollup-linux-arm-musleabihf': 4.52.5
      '@rollup/rollup-linux-arm64-gnu': 4.52.5
      '@rollup/rollup-linux-arm64-musl': 4.52.5
      '@rollup/rollup-linux-loong64-gnu': 4.52.5
      '@rollup/rollup-linux-ppc64-gnu': 4.52.5
      '@rollup/rollup-linux-riscv64-gnu': 4.52.5
      '@rollup/rollup-linux-riscv64-musl': 4.52.5
      '@rollup/rollup-linux-s390x-gnu': 4.52.5
      '@rollup/rollup-linux-x64-gnu': 4.52.5
      '@rollup/rollup-linux-x64-musl': 4.52.5
      '@rollup/rollup-openharmony-arm64': 4.52.5
      '@rollup/rollup-win32-arm64-msvc': 4.52.5
      '@rollup/rollup-win32-ia32-msvc': 4.52.5
      '@rollup/rollup-win32-x64-gnu': 4.52.5
      '@rollup/rollup-win32-x64-msvc': 4.52.5
      fsevents: 2.3.3

  rou3@0.7.10: {}

  source-map-js@1.2.1: {}

  srvx@0.9.4: {}

  tinyglobby@0.2.15:
    dependencies:
      fdir: 6.5.0(picomatch@4.0.3)
      picomatch: 4.0.3

  tslib@2.8.1: {}

  undici@7.16.0: {}

  unenv@2.0.0-rc.24:
    dependencies:
      pathe: 2.0.3

  unstorage@2.0.0-alpha.4(db0@0.3.4)(ofetch@2.0.0-alpha.3):
    optionalDependencies:
      db0: 0.3.4
      ofetch: 2.0.0-alpha.3

  urlpattern-polyfill@10.1.0: {}

  vite@7.1.12(jiti@2.6.1):
    dependencies:
      esbuild: 0.25.12
      fdir: 6.5.0(picomatch@4.0.3)
      picomatch: 4.0.3
      postcss: 8.5.6
      rollup: 4.52.5
      tinyglobby: 0.2.15
    optionalDependencies:
      fsevents: 2.3.3
      jiti: 2.6.1
